Microsoft Visual Studio Solution File, Format Version 12.00
# Visual Studio Version 17
VisualStudioVersion = 17.5.2.0
MinimumVisualStudioVersion = 10.0.40219.1
Project("{FAE04EC0-301F-11D3-BF4B-00C04F79EFBC}") = "CacheExample", "CacheExample\CacheExample.csproj", "{4D5542FE-9E3C-EADD-51B0-886E7116E19E}"
EndProject
Global
	GlobalSection(SolutionConfigurationPlatforms) = preSolution
		Debug|Any CPU = Debug|Any CPU
		Release|Any CPU = Release|Any CPU
	EndGlobalSection
	GlobalSection(ProjectConfigurationPlatforms) = postSolution
		{4D5542FE-9E3C-EADD-51B0-886E7116E19E}.Debug|Any CPU.ActiveCfg = Debug|Any CPU
		{4D5542FE-9E3C-EADD-51B0-886E7116E19E}.Debug|Any CPU.Build.0 = Debug|Any CPU
		{4D5542FE-9E3C-EADD-51B0-886E7116E19E}.Release|Any CPU.ActiveCfg = Release|Any CPU
		{4D5542FE-9E3C-EADD-51B0-886E7116E19E}.Release|Any CPU.Build.0 = Release|Any CPU
	EndGlobalSection
	GlobalSection(SolutionProperties) = preSolution
		HideSolutionNode = FALSE
	EndGlobalSection
	GlobalSection(ExtensibilityGlobals) = postSolution
		SolutionGuid = {BE3228A6-5D91-437F-8E72-BF54DDFD8440}
	EndGlobalSection
EndGlobal
